// !$*UTF8*$!
{
	archiveVersion = 1;
	classes = {
	};
	objectVersion = 50;
	objects = {

/* Begin PBXBuildFile section */
		1B049DD8B32904DD0BBD9E0B /* Pods_Test.framework in Frameworks */ = {isa = PBXBuildFile; fileRef = A9A967F2944309754DC7C6D4 /* Pods_Test.framework */; };
		5264C771234B0A2A00500430 /* AppDelegate.swift in Sources */ = {isa = PBXBuildFile; fileRef = 5264C770234B0A2A00500430 /* AppDelegate.swift */; };
		5264C773234B0A2A00500430 /* ViewController.swift in Sources */ = {isa = PBXBuildFile; fileRef = 5264C772234B0A2A00500430 /* ViewController.swift */; };
		5264C776234B0A2A00500430 /* Main.storyboard in Resources */ = {isa = PBXBuildFile; fileRef = 5264C774234B0A2A00500430 /* Main.storyboard */; };
		5264C779234B0A2A00500430 /* Test.xcdatamodeld in Sources */ = {isa = PBXBuildFile; fileRef = 5264C777234B0A2A00500430 /* Test.xcdatamodeld */; };
		5264C77B234B0A2B00500430 /* Assets.xcassets in Resources */ = {isa = PBXBuildFile; fileRef = 5264C77A234B0A2B00500430 /* Assets.xcassets */; };
		5264C77E234B0A2B00500430 /* LaunchScreen.storyboard in Resources */ = {isa = PBXBuildFile; fileRef = 5264C77C234B0A2B00500430 /* LaunchScreen.storyboard */; };
		5264C786234B15BE00500430 /* CheckBox.swift in Sources */ = {isa = PBXBuildFile; fileRef = 5264C785234B15BE00500430 /* CheckBox.swift */; };
		52730E1C234D6A87001396FF /* RealmSwift.framework in Frameworks */ = {isa = PBXBuildFile; fileRef = 52730E1B234D6A87001396FF /* RealmSwift.framework */; };
		52730E22234D6CF6001396FF /* Data.swift in Sources */ = {isa = PBXBuildFile; fileRef = 52730E21234D6CF6001396FF /* Data.swift */; };
		527EE480234BF97A00610A05 /* iOSDropDown.framework in Frameworks */ = {isa = PBXBuildFile; fileRef = 527EE47F234BF97A00610A05 /* iOSDropDown.framework */; };
		527EE485234C211A00610A05 /* SwiftyJSON.framework in Frameworks */ = {isa = PBXBuildFile; fileRef = 527EE484234C211A00610A05 /* SwiftyJSON.framework */; };
		527EE487234C301300610A05 /* WeatherDataModel.swift in Sources */ = {isa = PBXBuildFile; fileRef = 527EE486234C301300610A05 /* WeatherDataModel.swift */; };
		52AA40CE2352DBFA009DE7CC /* Parse.framework in Frameworks */ = {isa = PBXBuildFile; fileRef = 52AA40CD2352DBFA009DE7CC /* Parse.framework */; };
		52AA40D52352DD8B009DE7CC /* Bolts.framework in Frameworks */ = {isa = PBXBuildFile; fileRef = 52AA40D42352DD8B009DE7CC /* Bolts.framework */; };
/* End PBXBuildFile section */

/* Begin PBXFileReference section */
		051B90623192FB07FF5982FC /* Pods-Test.release.xcconfig */ = {isa = PBXFileReference; includeInIndex = 1; lastKnownFileType = text.xcconfig; name = "Pods-Test.release.xcconfig"; path = "Target Support Files/Pods-Test/Pods-Test.release.xcconfig"; sourceTree = "<group>"; };
		2C6A037A4163CA377D36823C /* Pods-Test.debug.xcconfig */ = {isa = PBXFileReference; includeInIndex = 1; lastKnownFileType = text.xcconfig; name = "Pods-Test.debug.xcconfig"; path = "Target Support Files/Pods-Test/Pods-Test.debug.xcconfig"; sourceTree = "<group>"; };
		5264C76D234B0A2A00500430 /* Test.app */ = {isa = PBXFileReference; explicitFileType = wrapper.application; includeInIndex = 0; path = Test.app; sourceTree = BUILT_PRODUCTS_DIR; };
		5264C770234B0A2A00500430 /* AppDelegate.swift */ = {isa = PBXFileReference; lastKnownFileType = sourcecode.swift; path = AppDelegate.swift; sourceTree = "<group>"; };
		5264C772234B0A2A00500430 /* ViewController.swift */ = {isa = PBXFileReference; lastKnownFileType = sourcecode.swift; path = ViewController.swift; sourceTree = "<group>"; };
		5264C775234B0A2A00500430 /* Base */ = {isa = PBXFileReference; lastKnownFileType = file.storyboard; name = Base; path = Base.lproj/Main.storyboard; sourceTree = "<group>"; };
		5264C778234B0A2A00500430 /* Test.xcdatamodel */ = {isa = PBXFileReference; lastKnownFileType = wrapper.xcdatamodel; path = Test.xcdatamodel; sourceTree = "<group>"; };
		5264C77A234B0A2B00500430 /* Assets.xcassets */ = {isa = PBXFileReference; lastKnownFileType = folder.assetcatalog; path = Assets.xcassets; sourceTree = "<group>"; };
		5264C77D234B0A2B00500430 /* Base */ = {isa = PBXFileReference; lastKnownFileType = file.storyboard; name = Base; path = Base.lproj/LaunchScreen.storyboard; sourceTree = "<group>"; };
		5264C77F234B0A2B00500430 /* Info.plist */ = {isa = PBXFileReference; lastKnownFileType = text.plist.xml; path = Info.plist; sourceTree = "<group>"; };
		5264C785234B15BE00500430 /* CheckBox.swift */ = {isa = PBXFileReference; lastKnownFileType = sourcecode.swift; path = CheckBox.swift; sourceTree = "<group>"; };
		52730E1B234D6A87001396FF /* RealmSwift.framework */ = {isa = PBXFileReference; explicitFileType = wrapper.framework; path = RealmSwift.framework; sourceTree = BUILT_PRODUCTS_DIR; };
		52730E21234D6CF6001396FF /* Data.swift */ = {isa = PBXFileReference; lastKnownFileType = sourcecode.swift; path = Data.swift; sourceTree = "<group>"; };
		527EE47F234BF97A00610A05 /* iOSDropDown.framework */ = {isa = PBXFileReference; explicitFileType = wrapper.framework; path = iOSDropDown.framework; sourceTree = BUILT_PRODUCTS_DIR; };
		527EE484234C211A00610A05 /* SwiftyJSON.framework */ = {isa = PBXFileReference; explicitFileType = wrapper.framework; path = SwiftyJSON.framework; sourceTree = BUILT_PRODUCTS_DIR; };
		527EE486234C301300610A05 /* WeatherDataModel.swift */ = {isa = PBXFileReference; lastKnownFileType = sourcecode.swift; path = WeatherDataModel.swift; sourceTree = "<group>"; };
		52AA40CD2352DBFA009DE7CC /* Parse.framework */ = {isa = PBXFileReference; explicitFileType = wrapper.framework; path = Parse.framework; sourceTree = BUILT_PRODUCTS_DIR; };
		52AA40D12352DCE7009DE7CC /* Parse.bundle */ = {isa = PBXFileReference; explicitFileType = wrapper.cfbundle; path = Parse.bundle; sourceTree = BUILT_PRODUCTS_DIR; };
		52AA40D42352DD8B009DE7CC /* Bolts.framework */ = {isa = PBXFileReference; explicitFileType = wrapper.framework; path = Bolts.framework; sourceTree = BUILT_PRODUCTS_DIR; };
		52AA40D82353054E009DE7CC /* SwiftValidator.framework */ = {isa = PBXFileReference; explicitFileType = wrapper.framework; path = SwiftValidator.framework; sourceTree = BUILT_PRODUCTS_DIR; };
		A9A967F2944309754DC7C6D4 /* Pods_Test.framework */ = {isa = PBXFileReference; explicitFileType = wrapper.framework; includeInIndex = 0; path = Pods_Test.framework; sourceTree = BUILT_PRODUCTS_DIR; };
/* End PBXFileReference section */

/* Begin PBXFrameworksBuildPhase section */
		5264C76A234B0A2A00500430 /* Frameworks */ = {
			isa = PBXFrameworksBuildPhase;
			buildActionMask = 2147483647;
			files = (
				527EE485234C211A00610A05 /* SwiftyJSON.framework in Frameworks */,
				527EE480234BF97A00610A05 /* iOSDropDown.framework in Frameworks */,
				52730E1C234D6A87001396FF /* RealmSwift.framework in Frameworks */,
				52AA40D52352DD8B009DE7CC /* Bolts.framework in Frameworks */,
				1B049DD8B32904DD0BBD9E0B /* Pods_Test.framework in Frameworks */,
				52AA40CE2352DBFA009DE7CC /* Parse.framework in Frameworks */,
			);
			runOnlyForDeploymentPostprocessing = 0;
		};
/* End PBXFrameworksBuildPhase section */

/* Begin PBXGroup section */
		5264C764234B0A2A00500430 = {
			isa = PBXGroup;
			children = (
				5264C76F234B0A2A00500430 /* Test */,
				5264C76E234B0A2A00500430 /* Products */,
				A0A515D35AC78BB2A2100AD1 /* Pods */,
				A79AC5CFDA23B148D1EF9437 /* Frameworks */,
			);
			sourceTree = "<group>";
		};
		5264C76E234B0A2A00500430 /* Products */ = {
			isa = PBXGroup;
			children = (
				5264C76D234B0A2A00500430 /* Test.app */,
			);
			name = Products;
			sourceTree = "<group>";
		};
		5264C76F234B0A2A00500430 /* Test */ = {
			isa = PBXGroup;
			children = (
				52730E20234D6CAF001396FF /* View */,
				52730E1F234D6CA7001396FF /* Model */,
				527EE481234C1F9900610A05 /* Controller */,
				5264C770234B0A2A00500430 /* AppDelegate.swift */,
				5264C77A234B0A2B00500430 /* Assets.xcassets */,
				5264C785234B15BE00500430 /* CheckBox.swift */,
				5264C77F234B0A2B00500430 /* Info.plist */,
				5264C777234B0A2A00500430 /* Test.xcdatamodeld */,
			);
			path = Test;
			sourceTree = "<group>";
		};
		52730E1F234D6CA7001396FF /* Model */ = {
			isa = PBXGroup;
			children = (
				527EE486234C301300610A05 /* WeatherDataModel.swift */,
				52730E21234D6CF6001396FF /* Data.swift */,
			);
			path = Model;
			sourceTree = "<group>";
		};
		52730E20234D6CAF001396FF /* View */ = {
			isa = PBXGroup;
			children = (
				5264C774234B0A2A00500430 /* Main.storyboard */,
				5264C77C234B0A2B00500430 /* LaunchScreen.storyboard */,
			);
			path = View;
			sourceTree = "<group>";
		};
		527EE481234C1F9900610A05 /* Controller */ = {
			isa = PBXGroup;
			children = (
				5264C772234B0A2A00500430 /* ViewController.swift */,
			);
			path = Controller;
			sourceTree = "<group>";
		};
		A0A515D35AC78BB2A2100AD1 /* Pods */ = {
			isa = PBXGroup;
			children = (
				2C6A037A4163CA377D36823C /* Pods-Test.debug.xcconfig */,
				051B90623192FB07FF5982FC /* Pods-Test.release.xcconfig */,
			);
			path = Pods;
			sourceTree = "<group>";
		};
		A79AC5CFDA23B148D1EF9437 /* Frameworks */ = {
			isa = PBXGroup;
			children = (
				52AA40D82353054E009DE7CC /* SwiftValidator.framework */,
				52AA40D42352DD8B009DE7CC /* Bolts.framework */,
				52AA40D12352DCE7009DE7CC /* Parse.bundle */,
				52AA40CD2352DBFA009DE7CC /* Parse.framework */,
				52730E1B234D6A87001396FF /* RealmSwift.framework */,
				527EE484234C211A00610A05 /* SwiftyJSON.framework */,
				527EE47F234BF97A00610A05 /* iOSDropDown.framework */,
				A9A967F2944309754DC7C6D4 /* Pods_Test.framework */,
			);
			name = Frameworks;
			sourceTree = "<group>";
		};
/* End PBXGroup section */

/* Begin PBXNativeTarget section */
		5264C76C234B0A2A00500430 /* Test */ = {
			isa = PBXNativeTarget;
			buildConfigurationList = 5264C782234B0A2B00500430 /* Build configuration list for PBXNativeTarget "Test" */;
			buildPhases = (
				60CB1501A1D6382B70466AFF /* [CP] Check Pods Manifest.lock */,
				5264C769234B0A2A00500430 /* Sources */,
				5264C76A234B0A2A00500430 /* Frameworks */,
				5264C76B234B0A2A00500430 /* Resources */,
				6034CBEC85D95ED32B4DA034 /* [CP] Embed Pods Frameworks */,
			);
			buildRules = (
			);
			dependencies = (
			);
			name = Test;
			productName = Test;
			productReference = 5264C76D234B0A2A00500430 /* Test.app */;
			productType = "com.apple.product-type.application";
		};
/* End PBXNativeTarget section */

/* Begin PBXProject section */
		5264C765234B0A2A00500430 /* Project object */ = {
			isa = PBXProject;
			attributes = {
				LastSwiftUpdateCheck = 1010;
				LastUpgradeCheck = 1010;
				ORGANIZATIONNAME = MacBookPro;
				TargetAttributes = {
					5264C76C234B0A2A00500430 = {
						CreatedOnToolsVersion = 10.1;
					};
				};
			};
			buildConfigurationList = 5264C768234B0A2A00500430 /* Build configuration list for PBXProject "Test" */;
			compatibilityVersion = "Xcode 9.3";
			developmentRegion = en;
			hasScannedForEncodings = 0;
			knownRegions = (
				en,
				Base,
			);
			mainGroup = 5264C764234B0A2A00500430;
			productRefGroup = 5264C76E234B0A2A00500430 /* Products */;
			projectDirPath = "";
			projectRoot = "";
			targets = (
				5264C76C234B0A2A00500430 /* Test */,
			);
		};
/* End PBXProject section */

/* Begin PBXResourcesBuildPhase section */
		5264C76B234B0A2A00500430 /* Resources */ = {
			isa = PBXResourcesBuildPhase;
			buildActionMask = 2147483647;
			files = (
				5264C77E234B0A2B00500430 /* LaunchScreen.storyboard in Resources */,
				5264C77B234B0A2B00500430 /* Assets.xcassets in Resources */,
				5264C776234B0A2A00500430 /* Main.storyboard in Resources */,
			);
			runOnlyForDeploymentPostprocessing = 0;
		};
/* End PBXResourcesBuildPhase section */

/* Begin PBXShellScriptBuildPhase section */
		6034CBEC85D95ED32B4DA034 /* [CP] Embed Pods Frameworks */ = {
			isa = PBXShellScriptBuildPhase;
			buildActionMask = 2147483647;
			files = (
			);
			inputFileListPaths = (
			);
			inputPaths = (
				"${PODS_ROOT}/Target Support Files/Pods-Test/Pods-Test-frameworks.sh",
				"${BUILT_PRODUCTS_DIR}/Alamofire/Alamofire.framework",
				"${BUILT_PRODUCTS_DIR}/Bolts/Bolts.framework",
				"${BUILT_PRODUCTS_DIR}/Parse/Parse.framework",
				"${BUILT_PRODUCTS_DIR}/Realm/Realm.framework",
				"${BUILT_PRODUCTS_DIR}/RealmSwift/RealmSwift.framework",
				"${BUILT_PRODUCTS_DIR}/SwiftValidator/SwiftValidator.framework",
				"${BUILT_PRODUCTS_DIR}/SwiftyJSON/SwiftyJSON.framework",
				"${BUILT_PRODUCTS_DIR}/iOSDropDown/iOSDropDown.framework",
			);
			name = "[CP] Embed Pods Frameworks";
			outputFileListPaths = (
			);
			outputPaths = (
				"${TARGET_BUILD_DIR}/${FRAMEWORKS_FOLDER_PATH}/Alamofire.framework",
				"${TARGET_BUILD_DIR}/${FRAMEWORKS_FOLDER_PATH}/Bolts.framework",
				"${TARGET_BUILD_DIR}/${FRAMEWORKS_FOLDER_PATH}/Parse.framework",
				"${TARGET_BUILD_DIR}/${FRAMEWORKS_FOLDER_PATH}/Realm.framework",
				"${TARGET_BUILD_DIR}/${FRAMEWORKS_FOLDER_PATH}/RealmSwift.framework",
				"${TARGET_BUILD_DIR}/${FRAMEWORKS_FOLDER_PATH}/SwiftValidator.framework",
				"${TARGET_BUILD_DIR}/${FRAMEWORKS_FOLDER_PATH}/SwiftyJSON.framework",
				"${TARGET_BUILD_DIR}/${FRAMEWORKS_FOLDER_PATH}/iOSDropDown.framework",
			);
			runOnlyForDeploymentPostprocessing = 0;
			shellPath = /bin/sh;
			shellScript = "\"${PODS_ROOT}/Target Support Files/Pods-Test/Pods-Test-frameworks.sh\"\n";
			showEnvVarsInLog = 0;
		};
		60CB1501A1D6382B70466AFF /* [CP] Check Pods Manifest.lock */ = {
			isa = PBXShellScriptBuildPhase;
			buildActionMask = 2147483647;
			files = (
			);
			inputFileListPaths = (
			);
			inputPaths = (
				"${PODS_PODFILE_DIR_PATH}/Podfile.lock",
				"${PODS_ROOT}/Manifest.lock",
			);
			name = "[CP] Check Pods Manifest.lock";
			outputFileListPaths = (
			);
			outputPaths = (
				"$(DERIVED_FILE_DIR)/Pods-Test-checkManifestLockResult.txt",
			);
			runOnlyForDeploymentPostprocessing = 0;
			shellPath = /bin/sh;
			shellScript = "diff \"${PODS_PODFILE_DIR_PATH}/Podfile.lock\" \"${PODS_ROOT}/Manifest.lock\" > /dev/null\nif [ $? != 0 ] ; then\n    # print error to STDERR\n    echo \"error: The sandbox is not in sync with the Podfile.lock. Run 'pod install' or update your CocoaPods installation.\" >&2\n    exit 1\nfi\n# This output is used by Xcode 'outputs' to avoid re-running this script phase.\necho \"SUCCESS\" > \"${SCRIPT_OUTPUT_FILE_0}\"\n";
			showEnvVarsInLog = 0;
		};
/* End PBXShellScriptBuildPhase section */

/* Begin PBXSourcesBuildPhase section */
		5264C769234B0A2A00500430 /* Sources */ = {
			isa = PBXSourcesBuildPhase;
			buildActionMask = 2147483647;
			files = (
				52730E22234D6CF6001396FF /* Data.swift in Sources */,
				5264C786234B15BE00500430 /* CheckBox.swift in Sources */,
				527EE487234C301300610A05 /* WeatherDataModel.swift in Sources */,
				5264C773234B0A2A00500430 /* ViewController.swift in Sources */,
				5264C771234B0A2A00500430 /* AppDelegate.swift in Sources */,
				5264C779234B0A2A00500430 /* Test.xcdatamodeld in Sources */,
			);
			runOnlyForDeploymentPostprocessing = 0;
		};
/* End PBXSourcesBuildPhase section */

/* Begin PBXVariantGroup section */
		5264C774234B0A2A00500430 /* Main.storyboard */ = {
			isa = PBXVariantGroup;
			children = (
				5264C775234B0A2A00500430 /* Base */,
			);
			name = Main.storyboard;
			sourceTree = "<group>";
		};
		5264C77C234B0A2B00500430 /* LaunchScreen.storyboard */ = {
			isa = PBXVariantGroup;
			children = (
				5264C77D234B0A2B00500430 /* Base */,
			);
			name = LaunchScreen.storyboard;
			sourceTree = "<group>";
		};
/* End PBXVariantGroup section */

/* Begin XCBuildConfiguration section */
		5264C780234B0A2B00500430 /* Debug */ = {
			isa = XCBuildConfiguration;
			buildSettings = {
				ALWAYS_SEARCH_USER_PATHS = NO;
				CLANG_ANALYZER_NONNULL = YES;
				CLANG_ANALYZER_NUMBER_OBJECT_CONVERSION = YES_AGGRESSIVE;
				CLANG_CXX_LANGUAGE_STANDARD = "gnu++14";
				CLANG_CXX_LIBRARY = "libc++";
				CLANG_ENABLE_MODULES = YES;
				CLANG_ENABLE_OBJC_ARC = YES;
				CLANG_ENABLE_OBJC_WEAK = YES;
				CLANG_WARN_BLOCK_CAPTURE_AUTORELEASING = YES;
				CLANG_WARN_BOOL_CONVERSION = YES;
				CLANG_WARN_COMMA = YES;
				CLANG_WARN_CONSTANT_CONVERSION = YES;
				CLANG_WARN_DEPRECATED_OBJC_IMPLEMENTATIONS = YES;
				CLANG_WARN_DIRECT_OBJC_ISA_USAGE = YES_ERROR;
				CLANG_WARN_DOCUMENTATION_COMMENTS = YES;
				CLANG_WARN_EMPTY_BODY = YES;
				CLANG_WARN_ENUM_CONVERSION = YES;
				CLANG_WARN_INFINITE_RECURSION = YES;
				CLANG_WARN_INT_CONVERSION = YES;
				CLANG_WARN_NON_LITERAL_NULL_CONVERSION = YES;
				CLANG_WARN_OBJC_IMPLICIT_RETAIN_SELF = YES;
				CLANG_WARN_OBJC_LITERAL_CONVERSION = YES;
				CLANG_WARN_OBJC_ROOT_CLASS = YES_ERROR;
				CLANG_WARN_RANGE_LOOP_ANALYSIS = YES;
				CLANG_WARN_STRICT_PROTOTYPES = YES;
				CLANG_WARN_SUSPICIOUS_MOVE = YES;
				CLANG_WARN_UNGUARDED_AVAILABILITY = YES_AGGRESSIVE;
				CLANG_WARN_UNREACHABLE_CODE = YES;
				CLANG_WARN__DUPLICATE_METHOD_MATCH = YES;
				CODE_SIGN_IDENTITY = "iPhone Developer";
				COPY_PHASE_STRIP = NO;
				DEBUG_INFORMATION_FORMAT = dwarf;
				ENABLE_STRICT_OBJC_MSGSEND = YES;
				ENABLE_TESTABILITY = YES;
				GCC_C_LANGUAGE_STANDARD = gnu11;
				GCC_DYNAMIC_NO_PIC = NO;
				GCC_NO_COMMON_BLOCKS = YES;
				GCC_OPTIMIZATION_LEVEL = 0;
				GCC_PREPROCESSOR_DEFINITIONS = (
					"DEBUG=1",
					"$(inherited)",
				);
				GCC_WARN_64_TO_32_BIT_CONVERSION = YES;
				GCC_WARN_ABOUT_RETURN_TYPE = YES_ERROR;
				GCC_WARN_UNDECLARED_SELECTOR = YES;
				GCC_WARN_UNINITIALIZED_AUTOS = YES_AGGRESSIVE;
				GCC_WARN_UNUSED_FUNCTION = YES;
				GCC_WARN_UNUSED_VARIABLE = YES;
				IPHONEOS_DEPLOYMENT_TARGET = 12.1;
				MTL_ENABLE_DEBUG_INFO = INCLUDE_SOURCE;
				MTL_FAST_MATH = YES;
				ONLY_ACTIVE_ARCH = YES;
				SDKROOT = iphoneos;
				SWIFT_ACTIVE_COMPILATION_CONDITIONS = DEBUG;
				SWIFT_OPTIMIZATION_LEVEL = "-Onone";
			};
			name = Debug;
		};
		5264C781234B0A2B00500430 /* Release */ = {
			isa = XCBuildConfiguration;
			buildSettings = {
				ALWAYS_SEARCH_USER_PATHS = NO;
				CLANG_ANALYZER_NONNULL = YES;
				CLANG_ANALYZER_NUMBER_OBJECT_CONVERSION = YES_AGGRESSIVE;
				CLANG_CXX_LANGUAGE_STANDARD = "gnu++14";
				CLANG_CXX_LIBRARY = "libc++";
				CLANG_ENABLE_MODULES = YES;
				CLANG_ENABLE_OBJC_ARC = YES;
				CLANG_ENABLE_OBJC_WEAK = YES;
				CLANG_WARN_BLOCK_CAPTURE_AUTORELEASING = YES;
				CLANG_WARN_BOOL_CONVERSION = YES;
				CLANG_WARN_COMMA = YES;
				CLANG_WARN_CONSTANT_CONVERSION = YES;
				CLANG_WARN_DEPRECATED_OBJC_IMPLEMENTATIONS = YES;
				CLANG_WARN_DIRECT_OBJC_ISA_USAGE = YES_ERROR;
				CLANG_WARN_DOCUMENTATION_COMMENTS = YES;
				CLANG_WARN_EMPTY_BODY = YES;
				CLANG_WARN_ENUM_CONVERSION = YES;
				CLANG_WARN_INFINITE_RECURSION = YES;
				CLANG_WARN_INT_CONVERSION = YES;
				CLANG_WARN_NON_LITERAL_NULL_CONVERSION = YES;
				CLANG_WARN_OBJC_IMPLICIT_RETAIN_SELF = YES;
				CLANG_WARN_OBJC_LITERAL_CONVERSION = YES;
				CLANG_WARN_OBJC_ROOT_CLASS = YES_ERROR;
				CLANG_WARN_RANGE_LOOP_ANALYSIS = YES;
				CLANG_WARN_STRICT_PROTOTYPES = YES;
				CLANG_WARN_SUSPICIOUS_MOVE = YES;
				CLANG_WARN_UNGUARDED_AVAILABILITY = YES_AGGRESSIVE;
				CLANG_WARN_UNREACHABLE_CODE = YES;
				CLANG_WARN__DUPLICATE_METHOD_MATCH = YES;
				CODE_SIGN_IDENTITY = "iPhone Developer";
				COPY_PHASE_STRIP = NO;
				DEBUG_INFORMATION_FORMAT = "dwarf-with-dsym";
				ENABLE_NS_ASSERTIONS = NO;
				ENABLE_STRICT_OBJC_MSGSEND = YES;
				GCC_C_LANGUAGE_STANDARD = gnu11;
				GCC_NO_COMMON_BLOCKS = YES;
				GCC_WARN_64_TO_32_BIT_CONVERSION = YES;
				GCC_WARN_ABOUT_RETURN_TYPE = YES_ERROR;
				GCC_WARN_UNDECLARED_SELECTOR = YES;
				GCC_WARN_UNINITIALIZED_AUTOS = YES_AGGRESSIVE;
				GCC_WARN_UNUSED_FUNCTION = YES;
				GCC_WARN_UNUSED_VARIABLE = YES;
				IPHONEOS_DEPLOYMENT_TARGET = 12.1;
				MTL_ENABLE_DEBUG_INFO = NO;
				MTL_FAST_MATH = YES;
				SDKROOT = iphoneos;
				SWIFT_COMPILATION_MODE = wholemodule;
				SWIFT_OPTIMIZATION_LEVEL = "-O";
				VALIDATE_PRODUCT = YES;
			};
			name = Release;
		};
		5264C783234B0A2B00500430 /* Debug */ = {
			isa = XCBuildConfiguration;
			baseConfigurationReference = 2C6A037A4163CA377D36823C /* Pods-Test.debug.xcconfig */;
			buildSettings = {
				ASSETCATALOG_COMPILER_APPICON_NAME = AppIcon;
				CODE_SIGN_STYLE = Automatic;
				INFOPLIST_FILE = Test/Info.plist;
				LD_RUNPATH_SEARCH_PATHS = (
					"$(inherited)",
					"@executable_path/Frameworks",
				);
				PRODUCT_BUNDLE_IDENTIFIER = T.Test;
				PRODUCT_NAME = "$(TARGET_NAME)";
				SWIFT_VERSION = 4.2;
				TARGETED_DEVICE_FAMILY = "1,2";
			};
			name = Debug;
		};
		5264C784234B0A2B00500430 /* Release */ = {
			isa = XCBuildConfiguration;
			baseConfigurationReference = 051B90623192FB07FF5982FC /* Pods-Test.release.xcconfig */;
			buildSettings = {
				ASSETCATALOG_COMPILER_APPICON_NAME = AppIcon;
				CODE_SIGN_STYLE = Automatic;
				INFOPLIST_FILE = Test/Info.plist;
				LD_RUNPATH_SEARCH_PATHS = (
					"$(inherited)",
					"@executable_path/Frameworks",
				);
				PRODUCT_BUNDLE_IDENTIFIER = T.Test;
				PRODUCT_NAME = "$(TARGET_NAME)";
				SWIFT_VERSION = 4.2;
				TARGETED_DEVICE_FAMILY = "1,2";
			};
			name = Release;
		};
/* End XCBuildConfiguration section */

/* Begin XCConfigurationList section */
		5264C768234B0A2A00500430 /* Build configuration list for PBXProject "Test" */ = {
			isa = XCConfigurationList;
			buildConfigurations = (
				5264C780234B0A2B00500430 /* Debug */,
				5264C781234B0A2B00500430 /* Release */,
			);
			defaultConfigurationIsVisible = 0;
			defaultConfigurationName = Release;
		};
		5264C782234B0A2B00500430 /* Build configuration list for PBXNativeTarget "Test" */ = {
			isa = XCConfigurationList;
			buildConfigurations = (
				5264C783234B0A2B00500430 /* Debug */,
				5264C784234B0A2B00500430 /* Release */,
			);
			defaultConfigurationIsVisible = 0;
			defaultConfigurationName = Release;
		};
/* End XCConfigurationList section */

/* Begin XCVersionGroup section */
		5264C777234B0A2A00500430 /* Test.xcdatamodeld */ = {
			isa = XCVersionGroup;
			children = (
				5264C778234B0A2A00500430 /* Test.xcdatamodel */,
			);
			currentVersion = 5264C778234B0A2A00500430 /* Test.xcdatamodel */;
			path = Test.xcdatamodeld;
			sourceTree = "<group>";
			versionGroupType = wrapper.xcdatamodel;
		};
/* End XCVersionGroup section */
	};
	rootObject = 5264C765234B0A2A00500430 /* Project object */;
}
